
Microsoft Visual Studio Solution File, Format Version 12.00
# Visual Studio Version 17
VisualStudioVersion = 17.13.35931.197 d17.13
MinimumVisualStudioVersion = 10.0.40219.1
Project("{FAE04EC0-301F-11D3-BF4B-00C04F79EFBC}") = "TimeManagementApp", "TimeManagementApp\TimeManagementApp.csproj", "{801E320D-F23C-43BD-9BE0-1AF37DF6E666}"
EndProject
Project("{FAE04EC0-301F-11D3-BF4B-00C04F79EFBC}") = "TimeManagementLibrary", "TimeManagementLibrary\TimeManagementLibrary.csproj", "{F1D1AD52-46BF-4872-AC4E-2E3AB42A7A3B}"
EndProject
Global
	GlobalSection(SolutionConfigurationPlatforms) = preSolution
		Debug|Any CPU = Debug|Any CPU
		Release|Any CPU = Release|Any CPU
	EndGlobalSection
	GlobalSection(ProjectConfigurationPlatforms) = postSolution
		{801E320D-F23C-43BD-9BE0-1AF37DF6E666}.Debug|Any CPU.ActiveCfg = Debug|Any CPU
		{801E320D-F23C-43BD-9BE0-1AF37DF6E666}.Debug|Any CPU.Build.0 = Debug|Any CPU
		{801E320D-F23C-43BD-9BE0-1AF37DF6E666}.Release|Any CPU.ActiveCfg = Release|Any CPU
		{801E320D-F23C-43BD-9BE0-1AF37DF6E666}.Release|Any CPU.Build.0 = Release|Any CPU
		{F1D1AD52-46BF-4872-AC4E-2E3AB42A7A3B}.Debug|Any CPU.ActiveCfg = Debug|Any CPU
		{F1D1AD52-46BF-4872-AC4E-2E3AB42A7A3B}.Debug|Any CPU.Build.0 = Debug|Any CPU
		{F1D1AD52-46BF-4872-AC4E-2E3AB42A7A3B}.Release|Any CPU.ActiveCfg = Release|Any CPU
		{F1D1AD52-46BF-4872-AC4E-2E3AB42A7A3B}.Release|Any CPU.Build.0 = Release|Any CPU
	EndGlobalSection
	GlobalSection(SolutionProperties) = preSolution
		HideSolutionNode = FALSE
	EndGlobalSection
	GlobalSection(ExtensibilityGlobals) = postSolution
		SolutionGuid = {DDF9B9A9-258B-4BB7-9B3C-C01237A69B4B}
	EndGlobalSection
EndGlobal
